
Microsoft Visual Studio Solution File, Format Version 12.00
# Visual Studio Version 17
VisualStudioVersion = 17.9.34616.47
MinimumVisualStudioVersion = 10.0.40219.1
Project("{FAE04EC0-301F-11D3-BF4B-00C04F79EFBC}") = "C3 Schoolvoetbal", "C3 Schoolvoetbal.csproj", "{7474FCC5-71B5-4503-86FA-7ED4E1CCFB62}"
EndProject
Global
	GlobalSection(SolutionConfigurationPlatforms) = preSolution
		Debug|Any CPU = Debug|Any CPU
		Release|Any CPU = Release|Any CPU
	EndGlobalSection
	GlobalSection(ProjectConfigurationPlatforms) = postSolution
		{7474FCC5-71B5-4503-86FA-7ED4E1CCFB62}.Debug|Any CPU.ActiveCfg = Debug|Any CPU
		{7474FCC5-71B5-4503-86FA-7ED4E1CCFB62}.Debug|Any CPU.Build.0 = Debug|Any CPU
		{7474FCC5-71B5-4503-86FA-7ED4E1CCFB62}.Release|Any CPU.ActiveCfg = Release|Any CPU
		{7474FCC5-71B5-4503-86FA-7ED4E1CCFB62}.Release|Any CPU.Build.0 = Release|Any CPU
	EndGlobalSection
	GlobalSection(SolutionProperties) = preSolution
		HideSolutionNode = FALSE
	EndGlobalSection
	GlobalSection(ExtensibilityGlobals) = postSolution
		SolutionGuid = {2D09DD7F-B67A-4B99-92CA-EFA1D72BE01B}
	EndGlobalSection
EndGlobal
